
Microsoft Visual Studio Solution File, Format Version 12.00
# Visual Studio Version 17
VisualStudioVersion = 17.0.32112.339
MinimumVisualStudioVersion = 10.0.40219.1
Project("{FAE04EC0-301F-11D3-BF4B-00C04F79EFBC}") = "P127_Array_String_Methods", "P127_Array_String_Methods\P127_Array_String_Methods.csproj", "{22E4BF7A-8A41-4802-8046-12C0DDB002C3}"
EndProject
Global
	GlobalSection(SolutionConfigurationPlatforms) = preSolution
		Debug|Any CPU = Debug|Any CPU
		Release|Any CPU = Release|Any CPU
	EndGlobalSection
	GlobalSection(ProjectConfigurationPlatforms) = postSolution
		{22E4BF7A-8A41-4802-8046-12C0DDB002C3}.Debug|Any CPU.ActiveCfg = Debug|Any CPU
		{22E4BF7A-8A41-4802-8046-12C0DDB002C3}.Debug|Any CPU.Build.0 = Debug|Any CPU
		{22E4BF7A-8A41-4802-8046-12C0DDB002C3}.Release|Any CPU.ActiveCfg = Release|Any CPU
		{22E4BF7A-8A41-4802-8046-12C0DDB002C3}.Release|Any CPU.Build.0 = Release|Any CPU
	EndGlobalSection
	GlobalSection(SolutionProperties) = preSolution
		HideSolutionNode = FALSE
	EndGlobalSection
	GlobalSection(ExtensibilityGlobals) = postSolution
		SolutionGuid = {61FD4BD9-C1E8-40BC-9582-5835D4828F44}
	EndGlobalSection
EndGlobal
